// !$*UTF8*$!
{
	archiveVersion = 1;
	classes = {
	};
	objectVersion = 56;
	objects = {

/* Begin PBXBuildFile section */
		7F1D6C0729EAEB8900C9DD63 /* AppDelegate.swift in Sources */ = {isa = PBXBuildFile; fileRef = 7F1D6C0629EAEB8900C9DD63 /* AppDelegate.swift */; };
		7F1D6C0929EAEB8900C9DD63 /* SceneDelegate.swift in Sources */ = {isa = PBXBuildFile; fileRef = 7F1D6C0829EAEB8900C9DD63 /* SceneDelegate.swift */; };
		7F1D6C0B29EAEB8900C9DD63 /* RickAndMortyViewController.swift in Sources */ = {isa = PBXBuildFile; fileRef = 7F1D6C0A29EAEB8900C9DD63 /* RickAndMortyViewController.swift */; };
		7F1D6C0E29EAEB8900C9DD63 /* RickAndMorty.storyboard in Resources */ = {isa = PBXBuildFile; fileRef = 7F1D6C0C29EAEB8900C9DD63 /* RickAndMorty.storyboard */; };
		7F1D6C1029EAEB8A00C9DD63 /* Assets.xcassets in Resources */ = {isa = PBXBuildFile; fileRef = 7F1D6C0F29EAEB8A00C9DD63 /* Assets.xcassets */; };
		7F1D6C1329EAEB8A00C9DD63 /* LaunchScreen.storyboard in Resources */ = {isa = PBXBuildFile; fileRef = 7F1D6C1129EAEB8A00C9DD63 /* LaunchScreen.storyboard */; };
		7F1D6C2129EAEE3200C9DD63 /* RickAndMortyModel.swift in Sources */ = {isa = PBXBuildFile; fileRef = 7F1D6C2029EAEE3200C9DD63 /* RickAndMortyModel.swift */; };
		7F1D6C2729EAF07200C9DD63 /* RickAndMortyTableViewCell.swift in Sources */ = {isa = PBXBuildFile; fileRef = 7F1D6C2529EAF07200C9DD63 /* RickAndMortyTableViewCell.swift */; };
		7F1D6C2829EAF07200C9DD63 /* RickAndMortyTableViewCell.xib in Resources */ = {isa = PBXBuildFile; fileRef = 7F1D6C2629EAF07200C9DD63 /* RickAndMortyTableViewCell.xib */; };
		7F1D6C2B29EAF6FF00C9DD63 /* RickAndMortyService.swift in Sources */ = {isa = PBXBuildFile; fileRef = 7F1D6C2A29EAF6FF00C9DD63 /* RickAndMortyService.swift */; };
/* End PBXBuildFile section */

/* Begin PBXFileReference section */
		7F1D6C0329EAEB8900C9DD63 /* simple_parse_JSON.app */ = {isa = PBXFileReference; explicitFileType = wrapper.application; includeInIndex = 0; path = simple_parse_JSON.app; sourceTree = BUILT_PRODUCTS_DIR; };
		7F1D6C0629EAEB8900C9DD63 /* AppDelegate.swift */ = {isa = PBXFileReference; lastKnownFileType = sourcecode.swift; path = AppDelegate.swift; sourceTree = "<group>"; };
		7F1D6C0829EAEB8900C9DD63 /* SceneDelegate.swift */ = {isa = PBXFileReference; lastKnownFileType = sourcecode.swift; path = SceneDelegate.swift; sourceTree = "<group>"; };
		7F1D6C0A29EAEB8900C9DD63 /* RickAndMortyViewController.swift */ = {isa = PBXFileReference; lastKnownFileType = sourcecode.swift; path = RickAndMortyViewController.swift; sourceTree = "<group>"; };
		7F1D6C0D29EAEB8900C9DD63 /* Base */ = {isa = PBXFileReference; lastKnownFileType = file.storyboard; name = Base; path = Base.lproj/RickAndMorty.storyboard; sourceTree = "<group>"; };
		7F1D6C0F29EAEB8A00C9DD63 /* Assets.xcassets */ = {isa = PBXFileReference; lastKnownFileType = folder.assetcatalog; path = Assets.xcassets; sourceTree = "<group>"; };
		7F1D6C1229EAEB8A00C9DD63 /* Base */ = {isa = PBXFileReference; lastKnownFileType = file.storyboard; name = Base; path = Base.lproj/LaunchScreen.storyboard; sourceTree = "<group>"; };
		7F1D6C1429EAEB8A00C9DD63 /* Info.plist */ = {isa = PBXFileReference; lastKnownFileType = text.plist.xml; path = Info.plist; sourceTree = "<group>"; };
		7F1D6C2029EAEE3200C9DD63 /* RickAndMortyModel.swift */ = {isa = PBXFileReference; lastKnownFileType = sourcecode.swift; path = RickAndMortyModel.swift; sourceTree = "<group>"; };
		7F1D6C2529EAF07200C9DD63 /* RickAndMortyTableViewCell.swift */ = {isa = PBXFileReference; lastKnownFileType = sourcecode.swift; path = RickAndMortyTableViewCell.swift; sourceTree = "<group>"; };
		7F1D6C2629EAF07200C9DD63 /* RickAndMortyTableViewCell.xib */ = {isa = PBXFileReference; lastKnownFileType = file.xib; path = RickAndMortyTableViewCell.xib; sourceTree = "<group>"; };
		7F1D6C2A29EAF6FF00C9DD63 /* RickAndMortyService.swift */ = {isa = PBXFileReference; lastKnownFileType = sourcecode.swift; path = RickAndMortyService.swift; sourceTree = "<group>"; };
/* End PBXFileReference section */

/* Begin PBXFrameworksBuildPhase section */
		7F1D6C0029EAEB8900C9DD63 /* Frameworks */ = {
			isa = PBXFrameworksBuildPhase;
			buildActionMask = 2147483647;
			files = (
			);
			runOnlyForDeploymentPostprocessing = 0;
		};
/* End PBXFrameworksBuildPhase section */

/* Begin PBXGroup section */
		7F1D6BFA29EAEB8900C9DD63 = {
			isa = PBXGroup;
			children = (
				7F1D6C0529EAEB8900C9DD63 /* simple_parse_JSON */,
				7F1D6C0429EAEB8900C9DD63 /* Products */,
			);
			sourceTree = "<group>";
		};
		7F1D6C0429EAEB8900C9DD63 /* Products */ = {
			isa = PBXGroup;
			children = (
				7F1D6C0329EAEB8900C9DD63 /* simple_parse_JSON.app */,
			);
			name = Products;
			sourceTree = "<group>";
		};
		7F1D6C0529EAEB8900C9DD63 /* simple_parse_JSON */ = {
			isa = PBXGroup;
			children = (
				7F1D6C1A29EAEB9500C9DD63 /* Application */,
				7F1D6C2929EAF6EB00C9DD63 /* Service */,
				7F1D6C1F29EAEE1A00C9DD63 /* Model */,
				7F1D6C1C29EAEBC200C9DD63 /* Moduls */,
				7F1D6C1B29EAEBAA00C9DD63 /* Style */,
			);
			path = simple_parse_JSON;
			sourceTree = "<group>";
		};
		7F1D6C1A29EAEB9500C9DD63 /* Application */ = {
			isa = PBXGroup;
			children = (
				7F1D6C1129EAEB8A00C9DD63 /* LaunchScreen.storyboard */,
				7F1D6C1429EAEB8A00C9DD63 /* Info.plist */,
				7F1D6C0629EAEB8900C9DD63 /* AppDelegate.swift */,
				7F1D6C0829EAEB8900C9DD63 /* SceneDelegate.swift */,
			);
			path = Application;
			sourceTree = "<group>";
		};
		7F1D6C1B29EAEBAA00C9DD63 /* Style */ = {
			isa = PBXGroup;
			children = (
				7F1D6C0F29EAEB8A00C9DD63 /* Assets.xcassets */,
			);
			path = Style;
			sourceTree = "<group>";
		};
		7F1D6C1C29EAEBC200C9DD63 /* Moduls */ = {
			isa = PBXGroup;
			children = (
				7F1D6C2229EAF02F00C9DD63 /* Cell */,
				7F1D6C0A29EAEB8900C9DD63 /* RickAndMortyViewController.swift */,
				7F1D6C0C29EAEB8900C9DD63 /* RickAndMorty.storyboard */,
			);
			path = Moduls;
			sourceTree = "<group>";
		};
		7F1D6C1F29EAEE1A00C9DD63 /* Model */ = {
			isa = PBXGroup;
			children = (
				7F1D6C2029EAEE3200C9DD63 /* RickAndMortyModel.swift */,
			);
			path = Model;
			sourceTree = "<group>";
		};
		7F1D6C2229EAF02F00C9DD63 /* Cell */ = {
			isa = PBXGroup;
			children = (
				7F1D6C2529EAF07200C9DD63 /* RickAndMortyTableViewCell.swift */,
				7F1D6C2629EAF07200C9DD63 /* RickAndMortyTableViewCell.xib */,
			);
			path = Cell;
			sourceTree = "<group>";
		};
		7F1D6C2929EAF6EB00C9DD63 /* Service */ = {
			isa = PBXGroup;
			children = (
				7F1D6C2A29EAF6FF00C9DD63 /* RickAndMortyService.swift */,
			);
			path = Service;
			sourceTree = "<group>";
		};
/* End PBXGroup section */

/* Begin PBXNativeTarget section */
		7F1D6C0229EAEB8900C9DD63 /* simple_parse_JSON */ = {
			isa = PBXNativeTarget;
			buildConfigurationList = 7F1D6C1729EAEB8A00C9DD63 /* Build configuration list for PBXNativeTarget "simple_parse_JSON" */;
			buildPhases = (
				7F1D6BFF29EAEB8900C9DD63 /* Sources */,
				7F1D6C0029EAEB8900C9DD63 /* Frameworks */,
				7F1D6C0129EAEB8900C9DD63 /* Resources */,
			);
			buildRules = (
			);
			dependencies = (
			);
			name = simple_parse_JSON;
			productName = simple_parse_JSON;
			productReference = 7F1D6C0329EAEB8900C9DD63 /* simple_parse_JSON.app */;
			productType = "com.apple.product-type.application";
		};
/* End PBXNativeTarget section */

/* Begin PBXProject section */
		7F1D6BFB29EAEB8900C9DD63 /* Project object */ = {
			isa = PBXProject;
			attributes = {
				BuildIndependentTargetsInParallel = 1;
				LastSwiftUpdateCheck = 1430;
				LastUpgradeCheck = 1430;
				TargetAttributes = {
					7F1D6C0229EAEB8900C9DD63 = {
						CreatedOnToolsVersion = 14.3;
					};
				};
			};
			buildConfigurationList = 7F1D6BFE29EAEB8900C9DD63 /* Build configuration list for PBXProject "simple_parse_JSON" */;
			compatibilityVersion = "Xcode 14.0";
			developmentRegion = en;
			hasScannedForEncodings = 0;
			knownRegions = (
				en,
				Base,
			);
			mainGroup = 7F1D6BFA29EAEB8900C9DD63;
			productRefGroup = 7F1D6C0429EAEB8900C9DD63 /* Products */;
			projectDirPath = "";
			projectRoot = "";
			targets = (
				7F1D6C0229EAEB8900C9DD63 /* simple_parse_JSON */,
			);
		};
/* End PBXProject section */

/* Begin PBXResourcesBuildPhase section */
		7F1D6C0129EAEB8900C9DD63 /* Resources */ = {
			isa = PBXResourcesBuildPhase;
			buildActionMask = 2147483647;
			files = (
				7F1D6C2829EAF07200C9DD63 /* RickAndMortyTableViewCell.xib in Resources */,
				7F1D6C1329EAEB8A00C9DD63 /* LaunchScreen.storyboard in Resources */,
				7F1D6C1029EAEB8A00C9DD63 /* Assets.xcassets in Resources */,
				7F1D6C0E29EAEB8900C9DD63 /* RickAndMorty.storyboard in Resources */,
			);
			runOnlyForDeploymentPostprocessing = 0;
		};
/* End PBXResourcesBuildPhase section */

/* Begin PBXSourcesBuildPhase section */
		7F1D6BFF29EAEB8900C9DD63 /* Sources */ = {
			isa = PBXSourcesBuildPhase;
			buildActionMask = 2147483647;
			files = (
				7F1D6C0B29EAEB8900C9DD63 /* RickAndMortyViewController.swift in Sources */,
				7F1D6C0729EAEB8900C9DD63 /* AppDelegate.swift in Sources */,
				7F1D6C2B29EAF6FF00C9DD63 /* RickAndMortyService.swift in Sources */,
				7F1D6C2129EAEE3200C9DD63 /* RickAndMortyModel.swift in Sources */,
				7F1D6C2729EAF07200C9DD63 /* RickAndMortyTableViewCell.swift in Sources */,
				7F1D6C0929EAEB8900C9DD63 /* SceneDelegate.swift in Sources */,
			);
			runOnlyForDeploymentPostprocessing = 0;
		};
/* End PBXSourcesBuildPhase section */

/* Begin PBXVariantGroup section */
		7F1D6C0C29EAEB8900C9DD63 /* RickAndMorty.storyboard */ = {
			isa = PBXVariantGroup;
			children = (
				7F1D6C0D29EAEB8900C9DD63 /* Base */,
			);
			name = RickAndMorty.storyboard;
			sourceTree = "<group>";
		};
		7F1D6C1129EAEB8A00C9DD63 /* LaunchScreen.storyboard */ = {
			isa = PBXVariantGroup;
			children = (
				7F1D6C1229EAEB8A00C9DD63 /* Base */,
			);
			name = LaunchScreen.storyboard;
			sourceTree = "<group>";
		};
/* End PBXVariantGroup section */

/* Begin XCBuildConfiguration section */
		7F1D6C1529EAEB8A00C9DD63 /* Debug */ = {
			isa = XCBuildConfiguration;
			buildSettings = {
				ALWAYS_SEARCH_USER_PATHS = NO;
				CLANG_ANALYZER_NONNULL = YES;
				CLANG_ANALYZER_NUMBER_OBJECT_CONVERSION = YES_AGGRESSIVE;
				CLANG_CXX_LANGUAGE_STANDARD = "gnu++20";
				CLANG_ENABLE_MODULES = YES;
				CLANG_ENABLE_OBJC_ARC = YES;
				CLANG_ENABLE_OBJC_WEAK = YES;
				CLANG_WARN_BLOCK_CAPTURE_AUTORELEASING = YES;
				CLANG_WARN_BOOL_CONVERSION = YES;
				CLANG_WARN_COMMA = YES;
				CLANG_WARN_CONSTANT_CONVERSION = YES;
				CLANG_WARN_DEPRECATED_OBJC_IMPLEMENTATIONS = YES;
				CLANG_WARN_DIRECT_OBJC_ISA_USAGE = YES_ERROR;
				CLANG_WARN_DOCUMENTATION_COMMENTS = YES;
				CLANG_WARN_EMPTY_BODY = YES;
				CLANG_WARN_ENUM_CONVERSION = YES;
				CLANG_WARN_INFINITE_RECURSION = YES;
				CLANG_WARN_INT_CONVERSION = YES;
				CLANG_WARN_NON_LITERAL_NULL_CONVERSION = YES;
				CLANG_WARN_OBJC_IMPLICIT_RETAIN_SELF = YES;
				CLANG_WARN_OBJC_LITERAL_CONVERSION = YES;
				CLANG_WARN_OBJC_ROOT_CLASS = YES_ERROR;
				CLANG_WARN_QUOTED_INCLUDE_IN_FRAMEWORK_HEADER = YES;
				CLANG_WARN_RANGE_LOOP_ANALYSIS = YES;
				CLANG_WARN_STRICT_PROTOTYPES = YES;
				CLANG_WARN_SUSPICIOUS_MOVE = YES;
				CLANG_WARN_UNGUARDED_AVAILABILITY = YES_AGGRESSIVE;
				CLANG_WARN_UNREACHABLE_CODE = YES;
				CLANG_WARN__DUPLICATE_METHOD_MATCH = YES;
				COPY_PHASE_STRIP = NO;
				DEBUG_INFORMATION_FORMAT = dwarf;
				ENABLE_STRICT_OBJC_MSGSEND = YES;
				ENABLE_TESTABILITY = YES;
				GCC_C_LANGUAGE_STANDARD = gnu11;
				GCC_DYNAMIC_NO_PIC = NO;
				GCC_NO_COMMON_BLOCKS = YES;
				GCC_OPTIMIZATION_LEVEL = 0;
				GCC_PREPROCESSOR_DEFINITIONS = (
					"DEBUG=1",
					"$(inherited)",
				);
				GCC_WARN_64_TO_32_BIT_CONVERSION = YES;
				GCC_WARN_ABOUT_RETURN_TYPE = YES_ERROR;
				GCC_WARN_UNDECLARED_SELECTOR = YES;
				GCC_WARN_UNINITIALIZED_AUTOS = YES_AGGRESSIVE;
				GCC_WARN_UNUSED_FUNCTION = YES;
				GCC_WARN_UNUSED_VARIABLE = YES;
				IPHONEOS_DEPLOYMENT_TARGET = 16.4;
				MTL_ENABLE_DEBUG_INFO = INCLUDE_SOURCE;
				MTL_FAST_MATH = YES;
				ONLY_ACTIVE_ARCH = YES;
				SDKROOT = iphoneos;
				SWIFT_ACTIVE_COMPILATION_CONDITIONS = DEBUG;
				SWIFT_OPTIMIZATION_LEVEL = "-Onone";
			};
			name = Debug;
		};
		7F1D6C1629EAEB8A00C9DD63 /* Release */ = {
			isa = XCBuildConfiguration;
			buildSettings = {
				ALWAYS_SEARCH_USER_PATHS = NO;
				CLANG_ANALYZER_NONNULL = YES;
				CLANG_ANALYZER_NUMBER_OBJECT_CONVERSION = YES_AGGRESSIVE;
				CLANG_CXX_LANGUAGE_STANDARD = "gnu++20";
				CLANG_ENABLE_MODULES = YES;
				CLANG_ENABLE_OBJC_ARC = YES;
				CLANG_ENABLE_OBJC_WEAK = YES;
				CLANG_WARN_BLOCK_CAPTURE_AUTORELEASING = YES;
				CLANG_WARN_BOOL_CONVERSION = YES;
				CLANG_WARN_COMMA = YES;
				CLANG_WARN_CONSTANT_CONVERSION = YES;
				CLANG_WARN_DEPRECATED_OBJC_IMPLEMENTATIONS = YES;
				CLANG_WARN_DIRECT_OBJC_ISA_USAGE = YES_ERROR;
				CLANG_WARN_DOCUMENTATION_COMMENTS = YES;
				CLANG_WARN_EMPTY_BODY = YES;
				CLANG_WARN_ENUM_CONVERSION = YES;
				CLANG_WARN_INFINITE_RECURSION = YES;
				CLANG_WARN_INT_CONVERSION = YES;
				CLANG_WARN_NON_LITERAL_NULL_CONVERSION = YES;
				CLANG_WARN_OBJC_IMPLICIT_RETAIN_SELF = YES;
				CLANG_WARN_OBJC_LITERAL_CONVERSION = YES;
				CLANG_WARN_OBJC_ROOT_CLASS = YES_ERROR;
				CLANG_WARN_QUOTED_INCLUDE_IN_FRAMEWORK_HEADER = YES;
				CLANG_WARN_RANGE_LOOP_ANALYSIS = YES;
				CLANG_WARN_STRICT_PROTOTYPES = YES;
				CLANG_WARN_SUSPICIOUS_MOVE = YES;
				CLANG_WARN_UNGUARDED_AVAILABILITY = YES_AGGRESSIVE;
				CLANG_WARN_UNREACHABLE_CODE = YES;
				CLANG_WARN__DUPLICATE_METHOD_MATCH = YES;
				COPY_PHASE_STRIP = NO;
				DEBUG_INFORMATION_FORMAT = "dwarf-with-dsym";
				ENABLE_NS_ASSERTIONS = NO;
				ENABLE_STRICT_OBJC_MSGSEND = YES;
				GCC_C_LANGUAGE_STANDARD = gnu11;
				GCC_NO_COMMON_BLOCKS = YES;
				GCC_WARN_64_TO_32_BIT_CONVERSION = YES;
				GCC_WARN_ABOUT_RETURN_TYPE = YES_ERROR;
				GCC_WARN_UNDECLARED_SELECTOR = YES;
				GCC_WARN_UNINITIALIZED_AUTOS = YES_AGGRESSIVE;
				GCC_WARN_UNUSED_FUNCTION = YES;
				GCC_WARN_UNUSED_VARIABLE = YES;
				IPHONEOS_DEPLOYMENT_TARGET = 16.4;
				MTL_ENABLE_DEBUG_INFO = NO;
				MTL_FAST_MATH = YES;
				SDKROOT = iphoneos;
				SWIFT_COMPILATION_MODE = wholemodule;
				SWIFT_OPTIMIZATION_LEVEL = "-O";
				VALIDATE_PRODUCT = YES;
			};
			name = Release;
		};
		7F1D6C1829EAEB8A00C9DD63 /* Debug */ = {
			isa = XCBuildConfiguration;
			buildSettings = {
				ASSETCATALOG_COMPILER_APPICON_NAME = AppIcon;
				ASSETCATALOG_COMPILER_GLOBAL_ACCENT_COLOR_NAME = AccentColor;
				CODE_SIGN_STYLE = Automatic;
				CURRENT_PROJECT_VERSION = 1;
				DEVELOPMENT_TEAM = CSS48FCS24;
				GENERATE_INFOPLIST_FILE = YES;
				INFOPLIST_FILE = simple_parse_JSON/Application/Info.plist;
				INFOPLIST_KEY_UIApplicationSupportsIndirectInputEvents = YES;
				INFOPLIST_KEY_UILaunchStoryboardName = LaunchScreen;
				INFOPLIST_KEY_UIMainStoryboardFile = Main;
				INFOPLIST_KEY_UISupportedInterfaceOrientations_iPad = "UIInterfaceOrientationPortrait UIInterfaceOrientationPortraitUpsideDown UIInterfaceOrientationLandscapeLeft UIInterfaceOrientationLandscapeRight";
				INFOPLIST_KEY_UISupportedInterfaceOrientations_iPhone = "UIInterfaceOrientationPortrait UIInterfaceOrientationLandscapeLeft UIInterfaceOrientationLandscapeRight";
				LD_RUNPATH_SEARCH_PATHS = (
					"$(inherited)",
					"@executable_path/Frameworks",
				);
				MARKETING_VERSION = 1.0;
				PRODUCT_BUNDLE_IDENTIFIER = "git.simple-parse-JSON";
				PRODUCT_NAME = "$(TARGET_NAME)";
				SWIFT_EMIT_LOC_STRINGS = YES;
				SWIFT_VERSION = 5.0;
				TARGETED_DEVICE_FAMILY = "1,2";
			};
			name = Debug;
		};
		7F1D6C1929EAEB8A00C9DD63 /* Release */ = {
			isa = XCBuildConfiguration;
			buildSettings = {
				ASSETCATALOG_COMPILER_APPICON_NAME = AppIcon;
				ASSETCATALOG_COMPILER_GLOBAL_ACCENT_COLOR_NAME = AccentColor;
				CODE_SIGN_STYLE = Automatic;
				CURRENT_PROJECT_VERSION = 1;
				DEVELOPMENT_TEAM = CSS48FCS24;
				GENERATE_INFOPLIST_FILE = YES;
				INFOPLIST_FILE = simple_parse_JSON/Application/Info.plist;
				INFOPLIST_KEY_UIApplicationSupportsIndirectInputEvents = YES;
				INFOPLIST_KEY_UILaunchStoryboardName = LaunchScreen;
				INFOPLIST_KEY_UIMainStoryboardFile = Main;
				INFOPLIST_KEY_UISupportedInterfaceOrientations_iPad = "UIInterfaceOrientationPortrait UIInterfaceOrientationPortraitUpsideDown UIInterfaceOrientationLandscapeLeft UIInterfaceOrientationLandscapeRight";
				INFOPLIST_KEY_UISupportedInterfaceOrientations_iPhone = "UIInterfaceOrientationPortrait UIInterfaceOrientationLandscapeLeft UIInterfaceOrientationLandscapeRight";
				LD_RUNPATH_SEARCH_PATHS = (
					"$(inherited)",
					"@executable_path/Frameworks",
				);
				MARKETING_VERSION = 1.0;
				PRODUCT_BUNDLE_IDENTIFIER = "git.simple-parse-JSON";
				PRODUCT_NAME = "$(TARGET_NAME)";
				SWIFT_EMIT_LOC_STRINGS = YES;
				SWIFT_VERSION = 5.0;
				TARGETED_DEVICE_FAMILY = "1,2";
			};
			name = Release;
		};
/* End XCBuildConfiguration section */

/* Begin XCConfigurationList section */
		7F1D6BFE29EAEB8900C9DD63 /* Build configuration list for PBXProject "simple_parse_JSON" */ = {
			isa = XCConfigurationList;
			buildConfigurations = (
				7F1D6C1529EAEB8A00C9DD63 /* Debug */,
				7F1D6C1629EAEB8A00C9DD63 /* Release */,
			);
			defaultConfigurationIsVisible = 0;
			defaultConfigurationName = Release;
		};
		7F1D6C1729EAEB8A00C9DD63 /* Build configuration list for PBXNativeTarget "simple_parse_JSON" */ = {
			isa = XCConfigurationList;
			buildConfigurations = (
				7F1D6C1829EAEB8A00C9DD63 /* Debug */,
				7F1D6C1929EAEB8A00C9DD63 /* Release */,
			);
			defaultConfigurationIsVisible = 0;
			defaultConfigurationName = Release;
		};
/* End XCConfigurationList section */
	};
	rootObject = 7F1D6BFB29EAEB8900C9DD63 /* Project object */;
}
